<?xml version="1.0" encoding="utf-8"?>
<Project ToolsVersion="4.0" xmlns="http://schemas.microsoft.com/developer/msbuild/2003">
  <ItemGroup>
    <Filter Include="Source Files">
      <UniqueIdentifier>{4FC737F1-C7A5-4376-A066-2A32D752A2FF}</UniqueIdentifier>
      <Extensions>cpp;c;cc;cxx;def;odl;idl;hpj;bat;asm;asmx</Extensions>
    </Filter>
    <Filter Include="Header Files">
      <UniqueIdentifier>{93995380-89BD-4b04-88EB-625FBE52EBFB}</UniqueIdentifier>
      <Extensions>h;hh;hpp;hxx;hm;inl;inc;ipp;xsd</Extensions>
    </Filter>
    <Filter Include="Resource Files">
      <UniqueIdentifier>{67DA6AB6-F800-4c08-8B7A-83BB121AAD01}</UniqueIdentifier>
      <Extensions>rc;ico;cur;bmp;dlg;rc2;rct;bin;rgs;gif;jpg;jpeg;jpe;resx;tiff;tif;png;wav;mfcribbon-ms</Extensions>
    </Filter>
    <Filter Include="Header Files\Constant">
      <UniqueIdentifier>{f8a181c3-0acd-4e6e-b932-a461b20a3eba}</UniqueIdentifier>
    </Filter>
    <Filter Include="Source Files\Implementation">
      <UniqueIdentifier>{c8baff2b-cf74-4812-81a2-1352b3a181d5}</UniqueIdentifier>
    </Filter>
    <Filter Include="Header Files\Model">
      <UniqueIdentifier>{2f4a41fa-018d-4998-94b0-544d956cf155}</UniqueIdentifier>
    </Filter>
    <Filter Include="Source Files\Implementation\Model">
      <UniqueIdentifier>{bb866863-a58d-446d-aad2-5428e9b556fc}</UniqueIdentifier>
    </Filter>
    <Filter Include="Header Files\Helpers">
      <UniqueIdentifier>{5f232e45-25d3-4116-9736-e18fc3130df0}</UniqueIdentifier>
    </Filter>
    <Filter Include="Source Files\Implementation\Helpers">
      <UniqueIdentifier>{7f1200af-d0d1-4513-939b-52b18fa9ad88}</UniqueIdentifier>
    </Filter>
  </ItemGroup>
  <ItemGroup>
    <ClCompile Include="Algorithms.cpp">
      <Filter>Source Files</Filter>
    </ClCompile>
    <ClCompile Include="Drawer.cpp">
      <Filter>Source Files\Implementation\Model</Filter>
    </ClCompile>
    <ClCompile Include="RandomArray.cpp">
      <Filter>Source Files\Implementation\Helpers</Filter>
    </ClCompile>
  </ItemGroup>
  <ItemGroup>
    <ClInclude Include="base.h">
      <Filter>Header Files\Constant</Filter>
    </ClInclude>
    <ClInclude Include="Drawer.h">
      <Filter>Header Files\Model</Filter>
    </ClInclude>
    <ClInclude Include="RandomArray.h">
      <Filter>Header Files\Helpers</Filter>
    </ClInclude>
  </ItemGroup>
</Project>